lockfileVersion: '9.0'

settings:
  autoInstallPeers: true
  excludeLinksFromLockfile: false

importers:

  .:
    dependencies:
      '@dnd-kit/core':
        specifier: ^6.3.1
        version: 6.3.1(react-dom@19.2.0(react@19.2.0))(react@19.2.0)
      react-hot-toast:
        specifier: ^2.6.0
        version: 2.6.0(react-dom@19.2.0(react@19.2.0))(react@19.2.0)
      xterm:
        specifier: ^5.3.0
        version: 5.3.0
      xterm-addon-fit:
        specifier: ^0.8.0
        version: 0.8.0(xterm@5.3.0)
      xterm-addon-search:
        specifier: ^0.13.0
        version: 0.13.0(xterm@5.3.0)
      xterm-addon-web-links:
        specifier: ^0.9.0
        version: 0.9.0(xterm@5.3.0)
      zod:
        specifier: ^4.1.12
        version: 4.1.12
    devDependencies:
      '@types/react':
        specifier: ^19.2.2
        version: 19.2.2

packages:

  '@dnd-kit/accessibility@3.1.1':
    resolution: {integrity: sha512-2P+YgaXF+gRsIihwwY1gCsQSYnu9Zyj2py8kY5fFvUM1qm2WA2u639R6YNVfU4GWr+ZM5mqEsfHZZLoRONbemw==}
    peerDependencies:
      react: '>=16.8.0'

  '@dnd-kit/core@6.3.1':
    resolution: {integrity: sha512-xkGBRQQab4RLwgXxoqETICr6S5JlogafbhNsidmrkVv2YRs5MLwpjoF2qpiGjQt8S9AoxtIV603s0GIUpY5eYQ==}
    peerDependencies:
      react: '>=16.8.0'
      react-dom: '>=16.8.0'

  '@dnd-kit/utilities@3.2.2':
    resolution: {integrity: sha512-+MKAJEOfaBe5SmV6t34p80MMKhjvUz0vRrvVJbPT0WElzaOJ/1xs+D+KDv+tD/NE5ujfrChEcshd4fLn0wpiqg==}
    peerDependencies:
      react: '>=16.8.0'

  '@types/react@19.2.2':
    resolution: {integrity: sha512-6mDvHUFSjyT2B2yeNx2nUgMxh9LtOWvkhIU3uePn2I2oyNymUAX1NIsdgviM4CH+JSrp2D2hsMvJOkxY+0wNRA==}

  csstype@3.1.3:
    resolution: {integrity: sha512-M1uQkMl8rQK/szD0LNhtqxIPLpimGm8sOBwU7lLnCpSbTyY3yeU1Vc7l4KT5zT4s/yOxHH5O7tIuuLOCnLADRw==}

  goober@2.1.18:
    resolution: {integrity: sha512-2vFqsaDVIT9Gz7N6kAL++pLpp41l3PfDuusHcjnGLfR6+huZkl6ziX+zgVC3ZxpqWhzH6pyDdGrCeDhMIvwaxw==}
    peerDependencies:
      csstype: ^3.0.10

  react-dom@19.2.0:
    resolution: {integrity: sha512-UlbRu4cAiGaIewkPyiRGJk0imDN2T3JjieT6spoL2UeSf5od4n5LB/mQ4ejmxhCFT1tYe8IvaFulzynWovsEFQ==}
    peerDependencies:
      react: ^19.2.0

  react-hot-toast@2.6.0:
    resolution: {integrity: sha512-bH+2EBMZ4sdyou/DPrfgIouFpcRLCJ+HoCA32UoAYHn6T3Ur5yfcDCeSr5mwldl6pFOsiocmrXMuoCJ1vV8bWg==}
    engines: {node: '>=10'}
    peerDependencies:
      react: '>=16'
      react-dom: '>=16'

  react@19.2.0:
    resolution: {integrity: sha512-tmbWg6W31tQLeB5cdIBOicJDJRR2KzXsV7uSK9iNfLWQ5bIZfxuPEHp7M8wiHyHnn0DD1i7w3Zmin0FtkrwoCQ==}
    engines: {node: '>=0.10.0'}

  scheduler@0.27.0:
    resolution: {integrity: sha512-eNv+WrVbKu1f3vbYJT/xtiF5syA5HPIMtf9IgY/nKg0sWqzAUEvqY/xm7OcZc/qafLx/iO9FgOmeSAp4v5ti/Q==}

  tslib@2.8.1:
    resolution: {integrity: sha512-oJFu94HQb+KVduSUQL7wnpmqnfmLsOA/nAh6b6EH0wCEoK0/mPeXU6c3wKDV83MkOuHPRHtSXKKU99IBazS/2w==}

  xterm-addon-fit@0.8.0:
    resolution: {integrity: sha512-yj3Np7XlvxxhYF/EJ7p3KHaMt6OdwQ+HDu573Vx1lRXsVxOcnVJs51RgjZOouIZOczTsskaS+CpXspK81/DLqw==}
    deprecated: This package is now deprecated. Move to @xterm/addon-fit instead.
    peerDependencies:
      xterm: ^5.0.0

  xterm-addon-search@0.13.0:
    resolution: {integrity: sha512-sDUwG4CnqxUjSEFh676DlS3gsh3XYCzAvBPSvJ5OPgF3MRL3iHLPfsb06doRicLC2xXNpeG2cWk8x1qpESWJMA==}
    deprecated: This package is now deprecated. Move to @xterm/addon-search instead.
    peerDependencies:
      xterm: ^5.0.0

  xterm-addon-web-links@0.9.0:
    resolution: {integrity: sha512-LIzi4jBbPlrKMZF3ihoyqayWyTXAwGfu4yprz1aK2p71e9UKXN6RRzVONR0L+Zd+Ik5tPVI9bwp9e8fDTQh49Q==}
    deprecated: This package is now deprecated. Move to @xterm/addon-web-links instead.
    peerDependencies:
      xterm: ^5.0.0

  xterm@5.3.0:
    resolution: {integrity: sha512-8QqjlekLUFTrU6x7xck1MsPzPA571K5zNqWm0M0oroYEWVOptZ0+ubQSkQ3uxIEhcIHRujJy6emDWX4A7qyFzg==}
    deprecated: This package is now deprecated. Move to @xterm/xterm instead.

  zod@4.1.12:
    resolution: {integrity: sha512-JInaHOamG8pt5+Ey8kGmdcAcg3OL9reK8ltczgHTAwNhMys/6ThXHityHxVV2p3fkw/c+MAvBHFVYHFZDmjMCQ==}

snapshots:

  '@dnd-kit/accessibility@3.1.1(react@19.2.0)':
    dependencies:
      react: 19.2.0
      tslib: 2.8.1

  '@dnd-kit/core@6.3.1(react-dom@19.2.0(react@19.2.0))(react@19.2.0)':
    dependencies:
      '@dnd-kit/accessibility': 3.1.1(react@19.2.0)
      '@dnd-kit/utilities': 3.2.2(react@19.2.0)
      react: 19.2.0
      react-dom: 19.2.0(react@19.2.0)
      tslib: 2.8.1

  '@dnd-kit/utilities@3.2.2(react@19.2.0)':
    dependencies:
      react: 19.2.0
      tslib: 2.8.1

  '@types/react@19.2.2':
    dependencies:
      csstype: 3.1.3

  csstype@3.1.3: {}

  goober@2.1.18(csstype@3.1.3):
    dependencies:
      csstype: 3.1.3

  react-dom@19.2.0(react@19.2.0):
    dependencies:
      react: 19.2.0
      scheduler: 0.27.0

  react-hot-toast@2.6.0(react-dom@19.2.0(react@19.2.0))(react@19.2.0):
    dependencies:
      csstype: 3.1.3
      goober: 2.1.18(csstype@3.1.3)
      react: 19.2.0
      react-dom: 19.2.0(react@19.2.0)

  react@19.2.0: {}

  scheduler@0.27.0: {}

  tslib@2.8.1: {}

  xterm-addon-fit@0.8.0(xterm@5.3.0):
    dependencies:
      xterm: 5.3.0

  xterm-addon-search@0.13.0(xterm@5.3.0):
    dependencies:
      xterm: 5.3.0

  xterm-addon-web-links@0.9.0(xterm@5.3.0):
    dependencies:
      xterm: 5.3.0

  xterm@5.3.0: {}

  zod@4.1.12: {}
